uuid: 1e16b7f3-85f8-430f-962d-b9dd03e5849e
langcode: en
status: true
dependencies:
  config:
    - core.entity_view_mode.media.large_video_block
    - field.field.media.remote_video.field_caption
    - field.field.media.remote_video.field_hide_title
    - field.field.media.remote_video.field_image
    - field.field.media.remote_video.field_media_in_library
    - field.field.media.remote_video.field_media_oembed_video
    - field.field.media.remote_video.field_video_alt_text
    - media.type.remote_video
  module:
    - layout_builder
    - media
    - text
third_party_settings:
  layout_builder:
    enabled: false
    allow_custom: false
_core:
  default_config_hash: GVcT3p3X0jyWP8VaeLOzW7mAvwYo5hwFGEcWJ2vCGRg
id: media.remote_video.large_video_block
targetEntityType: media
bundle: remote_video
mode: large_video_block
content:
  field_caption:
    type: text_default
    label: visually_hidden
    settings: {  }
    third_party_settings: {  }
    weight: 1
    region: content
  field_media_oembed_video:
    type: oembed
    label: hidden
    settings:
      max_width: 960
      max_height: 540
    third_party_settings: {  }
    weight: 0
    region: content
hidden:
  addtoany: true
  created: true
  field_hide_title: true
  field_image: true
  field_media_in_library: true
  field_video_alt_text: true
  langcode: true
  name: true
  search_api_excerpt: true
  thumbnail: true
  uid: true
