uuid: a80e4e81-0a04-4ab4-8f2b-63e7b3732c32
langcode: en
status: true
dependencies:
  config:
    - core.entity_view_mode.node.popular_content_card
    - node.type.article
  module:
    - node
    - user
id: popular_content_block
label: 'Popular Content Block'
module: views
description: ''
tag: ''
base_table: node_field_data
base_field: nid
display:
  default:
    display_plugin: default
    id: default
    display_title: Master
    position: 0
    display_options:
      access:
        type: perm
        options:
          perm: 'access content'
      cache:
        type: none
        options: {  }
      query:
        type: views_query
        options:
          disable_sql_rewrite: false
          distinct: false
          replica: false
          query_comment: ''
          query_tags: {  }
      exposed_form:
        type: basic
        options:
          submit_button: Apply
          reset_button: false
          reset_button_label: Reset
          exposed_sorts_label: 'Sort by'
          expose_sort_order: true
          sort_asc_label: Asc
          sort_desc_label: Desc
      pager:
        type: some
        options:
          items_per_page: 3
          offset: 0
      style:
        type: grid
        options:
          uses_fields: false
          columns: 3
          automatic_width: true
          alignment: horizontal
          col_class_default: true
          col_class_custom: ''
          row_class_default: true
          row_class_custom: ''
      row:
        type: 'entity:node'
        options:
          relationship: none
          view_mode: popular_content_card
      fields:
        title:
          id: title
          table: node_field_data
          field: title
          entity_type: node
          entity_field: title
          label: ''
          alter:
            alter_text: false
            make_link: false
            absolute: false
            trim: false
            word_boundary: false
            ellipsis: false
            strip_tags: false
            html: false
          hide_empty: false
          empty_zero: false
          settings:
            link_to_entity: true
          plugin_id: field
          relationship: none
          group_type: group
          admin_label: ''
          exclude: false
          element_type: ''
          element_class: ''
          element_label_type: ''
          element_label_class: ''
          element_label_colon: true
          element_wrapper_type: ''
          element_wrapper_class: ''
          element_default_classes: true
          empty: ''
          hide_alter_empty: true
          click_sort_column: value
          type: string
          group_column: value
          group_columns: {  }
          group_rows: true
          delta_limit: 0
          delta_offset: 0
          delta_reversed: false
          delta_first_last: false
          multi_type: separator
          separator: ', '
          field_api_classes: false
      filters:
        status:
          value: '1'
          table: node_field_data
          field: status
          plugin_id: boolean
          entity_type: node
          entity_field: status
          id: status
          expose:
            operator: ''
            operator_limit_selection: false
            operator_list: {  }
          group: 1
        type:
          id: type
          table: node_field_data
          field: type
          value:
            article: article
          entity_type: node
          entity_field: type
          plugin_id: bundle
          expose:
            operator_limit_selection: false
            operator_list: {  }
      sorts:
        delta:
          id: delta
          table: node__field_popular_content
          field: delta
          relationship: none
          group_type: group
          admin_label: ''
          order: ASC
          exposed: false
          expose:
            label: ''
          plugin_id: standard
      title: 'Popular Content'
      header:
        area:
          id: area
          table: views
          field: area
          relationship: none
          group_type: group
          admin_label: ''
          empty: false
          tokenize: false
          content:
            value: "<a class=\"section-see-all\" href=\"/stories/\">See All Content <svg class=\"svg-inline--fa fa-chevron-right fa-w-10\" aria-hidden=\"true\" data-prefix=\"fas\" data-icon=\"chevron-right\" role=\"img\" xmlns=\"http://www.w3.org/2000/svg\" viewBox=\"0 0 320 512\" data-fa-i2svg=\"\"><path fill=\"currentColor\" d=\"M285.476 272.971L91.132 467.314c-9.373 9.373-24.569 9.373-33.941 0l-22.667-22.667c-9.357-9.357-9.375-24.522-.04-33.901L188.505 256 34.484 101.255c-9.335-9.379-9.317-24.544.04-33.901l22.667-22.667c9.373-9.373 24.569-9.373 33.941 0L285.475 239.03c9.373 9.372 9.373 24.568.001 33.941z\"></path></svg><!-- <span class=\"fas fa-chevron-right\"></span> --></a>\r\n"
            format: rich_text
          plugin_id: text
      footer: {  }
      empty: {  }
      relationships:
        reverse__node__field_popular_content:
          id: reverse__node__field_popular_content
          table: node_field_data
          field: reverse__node__field_popular_content
          relationship: none
          group_type: group
          admin_label: field_popular_content
          required: true
          entity_type: node
          plugin_id: entity_reverse
      arguments: {  }
      display_extenders: {  }
    cache_metadata:
      max-age: -1
      contexts:
        - 'languages:language_content'
        - 'languages:language_interface'
        - 'user.node_grants:view'
        - user.permissions
      tags: {  }
  popular_content_block:
    display_plugin: block
    id: popular_content_block
    display_title: Block
    position: 1
    display_options:
      display_extenders: {  }
    cache_metadata:
      max-age: -1
      contexts:
        - 'languages:language_content'
        - 'languages:language_interface'
        - 'user.node_grants:view'
        - user.permissions
      tags: {  }
